// !$*UTF8*$!
{
	archiveVersion = 1;
	classes = {
	};
	objectVersion = 46;
	objects = {

/* Begin PBXBuildFile section */
		104B6BBB1D1BC7D500594FE9 /* main.m in Sources */ = {isa = PBXBuildFile; fileRef = 104B6BBA1D1BC7D500594FE9 /* main.m */; };
		104B6BC91D1BC7D500594FE9 /* LaunchScreen.storyboard in Resources */ = {isa = PBXBuildFile; fileRef = 104B6BC71D1BC7D500594FE9 /* LaunchScreen.storyboard */; };
		104B6BD31D1BC88100594FE9 /* AppDelegate.m in Sources */ = {isa = PBXBuildFile; fileRef = 104B6BD21D1BC88100594FE9 /* AppDelegate.m */; };
		104B6BE41D1BD14100594FE9 /* UIColor+ZhaoChe.m in Sources */ = {isa = PBXBuildFile; fileRef = 104B6BE31D1BD14100594FE9 /* UIColor+ZhaoChe.m */; };
		104B6BE81D1BE85300594FE9 /* UIViewController+ZhaoChe.m in Sources */ = {isa = PBXBuildFile; fileRef = 104B6BE71D1BE85300594FE9 /* UIViewController+ZhaoChe.m */; };
		104B6BF71D1CC43600594FE9 /* LoginViewController.m in Sources */ = {isa = PBXBuildFile; fileRef = 104B6BF61D1CC43600594FE9 /* LoginViewController.m */; };
		104B6BFB1D1CC58000594FE9 /* MobileInputCell.m in Sources */ = {isa = PBXBuildFile; fileRef = 104B6BF91D1CC58000594FE9 /* MobileInputCell.m */; };
		104B6BFC1D1CC58000594FE9 /* MobileInputCell.xib in Resources */ = {isa = PBXBuildFile; fileRef = 104B6BFA1D1CC58000594FE9 /* MobileInputCell.xib */; };
		104B6C001D1CC5AA00594FE9 /* VerificationCodeCell.m in Sources */ = {isa = PBXBuildFile; fileRef = 104B6BFE1D1CC5AA00594FE9 /* VerificationCodeCell.m */; };
		104B6C011D1CC5AA00594FE9 /* VerificationCodeCell.xib in Resources */ = {isa = PBXBuildFile; fileRef = 104B6BFF1D1CC5AA00594FE9 /* VerificationCodeCell.xib */; };
		104B6C041D1CCD6600594FE9 /* UITableView+ZhaoChe.m in Sources */ = {isa = PBXBuildFile; fileRef = 104B6C031D1CCD6600594FE9 /* UITableView+ZhaoChe.m */; };
		104B6C071D1CDF9A00594FE9 /* TimerBtn.m in Sources */ = {isa = PBXBuildFile; fileRef = 104B6C061D1CDF9A00594FE9 /* TimerBtn.m */; };
		104B6C0D1D1D03E100594FE9 /* UIButton+ZhaoChe.m in Sources */ = {isa = PBXBuildFile; fileRef = 104B6C0C1D1D03E100594FE9 /* UIButton+ZhaoChe.m */; };
		104B6C0F1D1D0BD000594FE9 /* NotCourierSans-Bold.otf in Resources */ = {isa = PBXBuildFile; fileRef = 104B6C0E1D1D0B8A00594FE9 /* NotCourierSans-Bold.otf */; };
		104B6C111D20C7EE00594FE9 /* Assets.xcassets in Resources */ = {isa = PBXBuildFile; fileRef = 104B6C101D20C7EE00594FE9 /* Assets.xcassets */; };
		104B6C141D20CC4A00594FE9 /* ZCTabBarController.m in Sources */ = {isa = PBXBuildFile; fileRef = 104B6C131D20CC4A00594FE9 /* ZCTabBarController.m */; };
		104B6C181D20D3FF00594FE9 /* OrdersViewController.m in Sources */ = {isa = PBXBuildFile; fileRef = 104B6C161D20D3FF00594FE9 /* OrdersViewController.m */; };
		104B6C191D20D3FF00594FE9 /* OrdersViewController.xib in Resources */ = {isa = PBXBuildFile; fileRef = 104B6C171D20D3FF00594FE9 /* OrdersViewController.xib */; };
		104B6C1D1D20D41500594FE9 /* MeViewController.m in Sources */ = {isa = PBXBuildFile; fileRef = 104B6C1B1D20D41500594FE9 /* MeViewController.m */; };
		104B6C1E1D20D41500594FE9 /* MeViewController.xib in Resources */ = {isa = PBXBuildFile; fileRef = 104B6C1C1D20D41500594FE9 /* MeViewController.xib */; };
		104B6C201D20D44200594FE9 /* Home.storyboard in Resources */ = {isa = PBXBuildFile; fileRef = 104B6C1F1D20D44200594FE9 /* Home.storyboard */; };
		104B6C251D20D4E100594FE9 /* HomeViewController.m in Sources */ = {isa = PBXBuildFile; fileRef = 104B6C241D20D4E100594FE9 /* HomeViewController.m */; };
		104B6C271D20D51200594FE9 /* FindCar.storyboard in Resources */ = {isa = PBXBuildFile; fileRef = 104B6C261D20D51200594FE9 /* FindCar.storyboard */; };
		104B6C2A1D20D52000594FE9 /* FindCarViewController.m in Sources */ = {isa = PBXBuildFile; fileRef = 104B6C291D20D52000594FE9 /* FindCarViewController.m */; };
		104B6C2D1D20EF9C00594FE9 /* ZCTabBar.m in Sources */ = {isa = PBXBuildFile; fileRef = 104B6C2C1D20EF9C00594FE9 /* ZCTabBar.m */; };
		104B6C301D21047100594FE9 /* NSString+ZhaoChe.m in Sources */ = {isa = PBXBuildFile; fileRef = 104B6C2F1D21047100594FE9 /* NSString+ZhaoChe.m */; };
		104B6C441D2128A100594FE9 /* PublishView.m in Sources */ = {isa = PBXBuildFile; fileRef = 104B6C431D2128A100594FE9 /* PublishView.m */; };
		104B6C481D222A8200594FE9 /* NetworkManager.m in Sources */ = {isa = PBXBuildFile; fileRef = 104B6C471D222A8200594FE9 /* NetworkManager.m */; };
		104B6C4B1D222BF700594FE9 /* MBProgressHUD+ZhaoChe.m in Sources */ = {isa = PBXBuildFile; fileRef = 104B6C4A1D222BF700594FE9 /* MBProgressHUD+ZhaoChe.m */; };
		5567892E1D3DCB0700111F1B /* 宝马图标占位.png in Resources */ = {isa = PBXBuildFile; fileRef = 5567892D1D3DCB0700111F1B /* 宝马图标占位.png */; };
		556789321D3DCE5500111F1B /* 名片认证占位.png in Resources */ = {isa = PBXBuildFile; fileRef = 556789311D3DCE5500111F1B /* 名片认证占位.png */; };
		556789341D3DCF6900111F1B /* 张飞占位.png in Resources */ = {isa = PBXBuildFile; fileRef = 556789331D3DCF6900111F1B /* 张飞占位.png */; };
		556789361D3DD05900111F1B /* 帕萨特.png in Resources */ = {isa = PBXBuildFile; fileRef = 556789351D3DD05900111F1B /* 帕萨特.png */; };
		55689C511D46F5DF00506657 /* PubCarsController.m in Sources */ = {isa = PBXBuildFile; fileRef = 55689C4F1D46F5DF00506657 /* PubCarsController.m */; };
		55689C521D46F5DF00506657 /* PubCarsController.xib in Resources */ = {isa = PBXBuildFile; fileRef = 55689C501D46F5DF00506657 /* PubCarsController.xib */; };
		55689C561D46FAA700506657 /* PubCarCell.m in Sources */ = {isa = PBXBuildFile; fileRef = 55689C541D46FAA700506657 /* PubCarCell.m */; };
		55689C571D46FAA700506657 /* PubCarCell.xib in Resources */ = {isa = PBXBuildFile; fileRef = 55689C551D46FAA700506657 /* PubCarCell.xib */; };
		55689C5B1D47434000506657 /* SearchCarController.m in Sources */ = {isa = PBXBuildFile; fileRef = 55689C591D47434000506657 /* SearchCarController.m */; };
		55689C5C1D47434000506657 /* SearchCarController.xib in Resources */ = {isa = PBXBuildFile; fileRef = 55689C5A1D47434000506657 /* SearchCarController.xib */; };
		55BBC2FE1D35CEDA007AC44F /* ChooseWController.m in Sources */ = {isa = PBXBuildFile; fileRef = 55BBC2FC1D35CEDA007AC44F /* ChooseWController.m */; };
		55BBC2FF1D35CEDA007AC44F /* ChooseWController.xib in Resources */ = {isa = PBXBuildFile; fileRef = 55BBC2FD1D35CEDA007AC44F /* ChooseWController.xib */; };
		55BBC3031D35D331007AC44F /* ContentColorController.m in Sources */ = {isa = PBXBuildFile; fileRef = 55BBC3011D35D331007AC44F /* ContentColorController.m */; };
		55BBC3041D35D331007AC44F /* ContentColorController.xib in Resources */ = {isa = PBXBuildFile; fileRef = 55BBC3021D35D331007AC44F /* ContentColorController.xib */; };
		55BBC3081D35D591007AC44F /* WController.m in Sources */ = {isa = PBXBuildFile; fileRef = 55BBC3061D35D591007AC44F /* WController.m */; };
		55BBC3091D35D591007AC44F /* WController.xib in Resources */ = {isa = PBXBuildFile; fileRef = 55BBC3071D35D591007AC44F /* WController.xib */; };
		55BBC30D1D35D986007AC44F /* NController.m in Sources */ = {isa = PBXBuildFile; fileRef = 55BBC30B1D35D986007AC44F /* NController.m */; };
		55BBC30E1D35D986007AC44F /* NController.xib in Resources */ = {isa = PBXBuildFile; fileRef = 55BBC30C1D35D986007AC44F /* NController.xib */; };
		55BBC3121D35DB28007AC44F /* CarController.m in Sources */ = {isa = PBXBuildFile; fileRef = 55BBC3101D35DB28007AC44F /* CarController.m */; };
		55BBC3131D35DB28007AC44F /* CarController.xib in Resources */ = {isa = PBXBuildFile; fileRef = 55BBC3111D35DB28007AC44F /* CarController.xib */; };
		55EBA64E1D348397007519AD /* ChooseTypeController.m in Sources */ = {isa = PBXBuildFile; fileRef = 55EBA64C1D348397007519AD /* ChooseTypeController.m */; };
		55EBA64F1D348397007519AD /* ChooseTypeController.xib in Resources */ = {isa = PBXBuildFile; fileRef = 55EBA64D1D348397007519AD /* ChooseTypeController.xib */; };
		55EBA6531D34D312007519AD /* PubCarController.m in Sources */ = {isa = PBXBuildFile; fileRef = 55EBA6511D34D312007519AD /* PubCarController.m */; };
		55EBA6541D34D312007519AD /* PubCarController.xib in Resources */ = {isa = PBXBuildFile; fileRef = 55EBA6521D34D312007519AD /* PubCarController.xib */; };
		55EBA6581D34E19B007519AD /* PubDetailController.m in Sources */ = {isa = PBXBuildFile; fileRef = 55EBA6561D34E19B007519AD /* PubDetailController.m */; };
		55EBA6591D34E19B007519AD /* PubDetailController.xib in Resources */ = {isa = PBXBuildFile; fileRef = 55EBA6571D34E19B007519AD /* PubDetailController.xib */; };
		55EED6A71D23AE0500394713 /* IdentityController.m in Sources */ = {isa = PBXBuildFile; fileRef = 55EED6A51D23AE0500394713 /* IdentityController.m */; };
		55EED6A81D23AE0500394713 /* IdentityController.xib in Resources */ = {isa = PBXBuildFile; fileRef = 55EED6A61D23AE0500394713 /* IdentityController.xib */; };
		55EED6AC1D23C12700394713 /* CompanyController.m in Sources */ = {isa = PBXBuildFile; fileRef = 55EED6AA1D23C12700394713 /* CompanyController.m */; };
		55EED6AD1D23C12700394713 /* CompanyController.xib in Resources */ = {isa = PBXBuildFile; fileRef = 55EED6AB1D23C12700394713 /* CompanyController.xib */; };
		55EED6B11D23CAE500394713 /* CompIdentityController.m in Sources */ = {isa = PBXBuildFile; fileRef = 55EED6AF1D23CAE500394713 /* CompIdentityController.m */; };
		55EED6B21D23CAE500394713 /* CompIdentityController.xib in Resources */ = {isa = PBXBuildFile; fileRef = 55EED6B01D23CAE500394713 /* CompIdentityController.xib */; };
		55EFB0331D2A280B00CE8952 /* MainSaleController.m in Sources */ = {isa = PBXBuildFile; fileRef = 55EFB0311D2A280B00CE8952 /* MainSaleController.m */; };
		55EFB0341D2A280B00CE8952 /* MainSaleController.xib in Resources */ = {isa = PBXBuildFile; fileRef = 55EFB0321D2A280B00CE8952 /* MainSaleController.xib */; };
		55EFB0381D2A3AB100CE8952 /* PersonCarNameController.m in Sources */ = {isa = PBXBuildFile; fileRef = 55EFB0361D2A3AB100CE8952 /* PersonCarNameController.m */; };
		55EFB0391D2A3AB100CE8952 /* PersonCarNameController.xib in Resources */ = {isa = PBXBuildFile; fileRef = 55EFB0371D2A3AB100CE8952 /* PersonCarNameController.xib */; };
		55EFB03D1D2A3DAF00CE8952 /* PersonCenterController.m in Sources */ = {isa = PBXBuildFile; fileRef = 55EFB03B1D2A3DAF00CE8952 /* PersonCenterController.m */; };
		55EFB03E1D2A3DAF00CE8952 /* PersonCenterController.xib in Resources */ = {isa = PBXBuildFile; fileRef = 55EFB03C1D2A3DAF00CE8952 /* PersonCenterController.xib */; };
		55EFC6C71D24AF1E00A6D9CC /* CompTypeController.m in Sources */ = {isa = PBXBuildFile; fileRef = 55EFC6C51D24AF1E00A6D9CC /* CompTypeController.m */; };
		55EFC6C81D24AF1E00A6D9CC /* CompTypeController.xib in Resources */ = {isa = PBXBuildFile; fileRef = 55EFC6C61D24AF1E00A6D9CC /* CompTypeController.xib */; };
		55EFC6CC1D24B72E00A6D9CC /* CardIdentityController.m in Sources */ = {isa = PBXBuildFile; fileRef = 55EFC6CA1D24B72E00A6D9CC /* CardIdentityController.m */; };
		55EFC6CD1D24B72E00A6D9CC /* CardIdentityController.xib in Resources */ = {isa = PBXBuildFile; fileRef = 55EFC6CB1D24B72E00A6D9CC /* CardIdentityController.xib */; };
		55EFC6D11D24B8C300A6D9CC /* CardIdentityCell.m in Sources */ = {isa = PBXBuildFile; fileRef = 55EFC6CF1D24B8C300A6D9CC /* CardIdentityCell.m */; };
		55EFC6D21D24B8C300A6D9CC /* CardIdentityCell.xib in Resources */ = {isa = PBXBuildFile; fileRef = 55EFC6D01D24B8C300A6D9CC /* CardIdentityCell.xib */; };
		55EFC6D61D24E80400A6D9CC /* JoinCompController.m in Sources */ = {isa = PBXBuildFile; fileRef = 55EFC6D41D24E80400A6D9CC /* JoinCompController.m */; };
		55EFC6D71D24E80400A6D9CC /* JoinCompController.xib in Resources */ = {isa = PBXBuildFile; fileRef = 55EFC6D51D24E80400A6D9CC /* JoinCompController.xib */; };
		55F15D0A1D22476A0065BD48 /* ZDLMyCenterCell.m in Sources */ = {isa = PBXBuildFile; fileRef = 55F15D081D22476A0065BD48 /* ZDLMyCenterCell.m */; };
		55F15D0D1D224EF00065BD48 /* ZDLMyCenterCell.xib in Resources */ = {isa = PBXBuildFile; fileRef = 55F15D0C1D224EF00065BD48 /* ZDLMyCenterCell.xib */; };
		55F1C2111D2DFBFC00383AC2 /* PublishCarController.m in Sources */ = {isa = PBXBuildFile; fileRef = 55F1C20F1D2DFBFC00383AC2 /* PublishCarController.m */; };
		55F1C2121D2DFBFC00383AC2 /* PublishCarController.xib in Resources */ = {isa = PBXBuildFile; fileRef = 55F1C2101D2DFBFC00383AC2 /* PublishCarController.xib */; };
		55F1DFE91D33382600ED9018 /* ScrollCollectionCell.m in Sources */ = {isa = PBXBuildFile; fileRef = 55F1DFE71D33382600ED9018 /* ScrollCollectionCell.m */; };
		55F1DFEA1D33382600ED9018 /* ScrollCollectionCell.xib in Resources */ = {isa = PBXBuildFile; fileRef = 55F1DFE81D33382600ED9018 /* ScrollCollectionCell.xib */; };
		55F1DFEE1D33953C00ED9018 /* ChooseCarController.m in Sources */ = {isa = PBXBuildFile; fileRef = 55F1DFEC1D33953C00ED9018 /* ChooseCarController.m */; };
		55F1DFEF1D33953C00ED9018 /* ChooseCarController.xib in Resources */ = {isa = PBXBuildFile; fileRef = 55F1DFED1D33953C00ED9018 /* ChooseCarController.xib */; };
		71DA8368A4234FF576B4126C /* Pods_ZhaoChe.framework in Frameworks */ = {isa = PBXBuildFile; fileRef = CBA0D95B2E3578AA59C6EF29 /* Pods_ZhaoChe.framework */; };
/* End PBXBuildFile section */

/* Begin PBXFileReference section */
		104B6BB61D1BC7D500594FE9 /* ZhaoChe.app */ = {isa = PBXFileReference; explicitFileType = wrapper.application; includeInIndex = 0; path = ZhaoChe.app; sourceTree = BUILT_PRODUCTS_DIR; };
		104B6BBA1D1BC7D500594FE9 /* main.m */ = {isa = PBXFileReference; lastKnownFileType = sourcecode.c.objc; path = main.m; sourceTree = "<group>"; };
		104B6BC81D1BC7D500594FE9 /* Base */ = {isa = PBXFileReference; lastKnownFileType = file.storyboard; name = Base; path = Base.lproj/LaunchScreen.storyboard; sourceTree = "<group>"; };
		104B6BCA1D1BC7D500594FE9 /* Info.plist */ = {isa = PBXFileReference; lastKnownFileType = text.plist.xml; path = Info.plist; sourceTree = "<group>"; };
		104B6BD11D1BC88100594FE9 /* AppDelegate.h */ = {isa = PBXFileReference; fileEncoding = 4; lastKnownFileType = sourcecode.c.h; path = AppDelegate.h; sourceTree = "<group>"; };
		104B6BD21D1BC88100594FE9 /* AppDelegate.m */ = {isa = PBXFileReference; fileEncoding = 4; lastKnownFileType = sourcecode.c.objc; path = AppDelegate.m; sourceTree = "<group>"; };
		104B6BE01D1BCDA900594FE9 /* PrefixHeader.pch */ = {isa = PBXFileReference; lastKnownFileType = sourcecode.c.h; path = PrefixHeader.pch; sourceTree = "<group>"; };
		104B6BE11D1BCFFB00594FE9 /* AppMacros.h */ = {isa = PBXFileReference; lastKnownFileType = sourcecode.c.h; path = AppMacros.h; sourceTree = "<group>"; };
		104B6BE21D1BD14100594FE9 /* UIColor+ZhaoChe.h */ = {isa = PBXFileReference; fileEncoding = 4; lastKnownFileType = sourcecode.c.h; path = "UIColor+ZhaoChe.h"; sourceTree = "<group>"; };
		104B6BE31D1BD14100594FE9 /* UIColor+ZhaoChe.m */ = {isa = PBXFileReference; fileEncoding = 4; lastKnownFileType = sourcecode.c.objc; path = "UIColor+ZhaoChe.m"; sourceTree = "<group>"; };
		104B6BE61D1BE85300594FE9 /* UIViewController+ZhaoChe.h */ = {isa = PBXFileReference; fileEncoding = 4; lastKnownFileType = sourcecode.c.h; path = "UIViewController+ZhaoChe.h"; sourceTree = "<group>"; };
		104B6BE71D1BE85300594FE9 /* UIViewController+ZhaoChe.m */ = {isa = PBXFileReference; fileEncoding = 4; lastKnownFileType = sourcecode.c.objc; path = "UIViewController+ZhaoChe.m"; sourceTree = "<group>"; };
		104B6BF51D1CC43600594FE9 /* LoginViewController.h */ = {isa = PBXFileReference; fileEncoding = 4; lastKnownFileType = sourcecode.c.h; path = LoginViewController.h; sourceTree = "<group>"; };
		104B6BF61D1CC43600594FE9 /* LoginViewController.m */ = {isa = PBXFileReference; fileEncoding = 4; lastKnownFileType = sourcecode.c.objc; path = LoginViewController.m; sourceTree = "<group>"; };
		104B6BF81D1CC58000594FE9 /* MobileInputCell.h */ = {isa = PBXFileReference; fileEncoding = 4; lastKnownFileType = sourcecode.c.h; path = MobileInputCell.h; sourceTree = "<group>"; };
		104B6BF91D1CC58000594FE9 /* MobileInputCell.m */ = {isa = PBXFileReference; fileEncoding = 4; lastKnownFileType = sourcecode.c.objc; path = MobileInputCell.m; sourceTree = "<group>"; };
		104B6BFA1D1CC58000594FE9 /* MobileInputCell.xib */ = {isa = PBXFileReference; fileEncoding = 4; lastKnownFileType = file.xib; path = MobileInputCell.xib; sourceTree = "<group>"; };
		104B6BFD1D1CC5AA00594FE9 /* VerificationCodeCell.h */ = {isa = PBXFileReference; fileEncoding = 4; lastKnownFileType = sourcecode.c.h; path = VerificationCodeCell.h; sourceTree = "<group>"; };
		104B6BFE1D1CC5AA00594FE9 /* VerificationCodeCell.m */ = {isa = PBXFileReference; fileEncoding = 4; lastKnownFileType = sourcecode.c.objc; path = VerificationCodeCell.m; sourceTree = "<group>"; };
		104B6BFF1D1CC5AA00594FE9 /* VerificationCodeCell.xib */ = {isa = PBXFileReference; fileEncoding = 4; lastKnownFileType = file.xib; path = VerificationCodeCell.xib; sourceTree = "<group>"; };
		104B6C021D1CCD6600594FE9 /* UITableView+ZhaoChe.h */ = {isa = PBXFileReference; fileEncoding = 4; lastKnownFileType = sourcecode.c.h; path = "UITableView+ZhaoChe.h"; sourceTree = "<group>"; };
		104B6C031D1CCD6600594FE9 /* UITableView+ZhaoChe.m */ = {isa = PBXFileReference; fileEncoding = 4; lastKnownFileType = sourcecode.c.objc; path = "UITableView+ZhaoChe.m"; sourceTree = "<group>"; };
		104B6C051D1CDF9A00594FE9 /* TimerBtn.h */ = {isa = PBXFileReference; fileEncoding = 4; lastKnownFileType = sourcecode.c.h; path = TimerBtn.h; sourceTree = "<group>"; };
		104B6C061D1CDF9A00594FE9 /* TimerBtn.m */ = {isa = PBXFileReference; fileEncoding = 4; lastKnownFileType = sourcecode.c.objc; path = TimerBtn.m; sourceTree = "<group>"; };
		104B6C0B1D1D03E100594FE9 /* UIButton+ZhaoChe.h */ = {isa = PBXFileReference; fileEncoding = 4; lastKnownFileType = sourcecode.c.h; path = "UIButton+ZhaoChe.h"; sourceTree = "<group>"; };
		104B6C0C1D1D03E100594FE9 /* UIButton+ZhaoChe.m */ = {isa = PBXFileReference; fileEncoding = 4; lastKnownFileType = sourcecode.c.objc; path = "UIButton+ZhaoChe.m"; sourceTree = "<group>"; };
		104B6C0E1D1D0B8A00594FE9 /* NotCourierSans-Bold.otf */ = {isa = PBXFileReference; lastKnownFileType = file; path = "NotCourierSans-Bold.otf"; sourceTree = "<group>"; };
		104B6C101D20C7EE00594FE9 /* Assets.xcassets */ = {isa = PBXFileReference; lastKnownFileType = folder.assetcatalog; path = Assets.xcassets; sourceTree = "<group>"; };
		104B6C121D20CC4A00594FE9 /* ZCTabBarController.h */ = {isa = PBXFileReference; fileEncoding = 4; lastKnownFileType = sourcecode.c.h; path = ZCTabBarController.h; sourceTree = "<group>"; };
		104B6C131D20CC4A00594FE9 /* ZCTabBarController.m */ = {isa = PBXFileReference; fileEncoding = 4; lastKnownFileType = sourcecode.c.objc; path = ZCTabBarController.m; sourceTree = "<group>"; };
		104B6C151D20D3FF00594FE9 /* OrdersViewController.h */ = {isa = PBXFileReference; fileEncoding = 4; lastKnownFileType = sourcecode.c.h; path = OrdersViewController.h; sourceTree = "<group>"; };
		104B6C161D20D3FF00594FE9 /* OrdersViewController.m */ = {isa = PBXFileReference; fileEncoding = 4; lastKnownFileType = sourcecode.c.objc; path = OrdersViewController.m; sourceTree = "<group>"; };
		104B6C171D20D3FF00594FE9 /* OrdersViewController.xib */ = {isa = PBXFileReference; fileEncoding = 4; lastKnownFileType = file.xib; path = OrdersViewController.xib; sourceTree = "<group>"; };
		104B6C1A1D20D41500594FE9 /* MeViewController.h */ = {isa = PBXFileReference; fileEncoding = 4; lastKnownFileType = sourcecode.c.h; path = MeViewController.h; sourceTree = "<group>"; };
		104B6C1B1D20D41500594FE9 /* MeViewController.m */ = {isa = PBXFileReference; fileEncoding = 4; lastKnownFileType = sourcecode.c.objc; path = MeViewController.m; sourceTree = "<group>"; wrapsLines = 0; };
		104B6C1C1D20D41500594FE9 /* MeViewController.xib */ = {isa = PBXFileReference; fileEncoding = 4; lastKnownFileType = file.xib; path = MeViewController.xib; sourceTree = "<group>"; };
		104B6C1F1D20D44200594FE9 /* Home.storyboard */ = {isa = PBXFileReference; fileEncoding = 4; lastKnownFileType = file.storyboard; path = Home.storyboard; sourceTree = "<group>"; };
		104B6C231D20D4E100594FE9 /* HomeViewController.h */ = {isa = PBXFileReference; fileEncoding = 4; lastKnownFileType = sourcecode.c.h; path = HomeViewController.h; sourceTree = "<group>"; };
		104B6C241D20D4E100594FE9 /* HomeViewController.m */ = {isa = PBXFileReference; fileEncoding = 4; lastKnownFileType = sourcecode.c.objc; path = HomeViewController.m; sourceTree = "<group>"; };
		104B6C261D20D51200594FE9 /* FindCar.storyboard */ = {isa = PBXFileReference; fileEncoding = 4; lastKnownFileType = file.storyboard; path = FindCar.storyboard; sourceTree = "<group>"; };
		104B6C281D20D52000594FE9 /* FindCarViewController.h */ = {isa = PBXFileReference; fileEncoding = 4; lastKnownFileType = sourcecode.c.h; path = FindCarViewController.h; sourceTree = "<group>"; };
		104B6C291D20D52000594FE9 /* FindCarViewController.m */ = {isa = PBXFileReference; fileEncoding = 4; lastKnownFileType = sourcecode.c.objc; path = FindCarViewController.m; sourceTree = "<group>"; };
		104B6C2B1D20EF9C00594FE9 /* ZCTabBar.h */ = {isa = PBXFileReference; fileEncoding = 4; lastKnownFileType = sourcecode.c.h; path = ZCTabBar.h; sourceTree = "<group>"; };
		104B6C2C1D20EF9C00594FE9 /* ZCTabBar.m */ = {isa = PBXFileReference; fileEncoding = 4; lastKnownFileType = sourcecode.c.objc; path = ZCTabBar.m; sourceTree = "<group>"; };
		104B6C2E1D21047100594FE9 /* NSString+ZhaoChe.h */ = {isa = PBXFileReference; fileEncoding = 4; lastKnownFileType = sourcecode.c.h; path = "NSString+ZhaoChe.h"; sourceTree = "<group>"; };
		104B6C2F1D21047100594FE9 /* NSString+ZhaoChe.m */ = {isa = PBXFileReference; fileEncoding = 4; lastKnownFileType = sourcecode.c.objc; path = "NSString+ZhaoChe.m"; sourceTree = "<group>"; };
		104B6C421D2128A100594FE9 /* PublishView.h */ = {isa = PBXFileReference; fileEncoding = 4; lastKnownFileType = sourcecode.c.h; path = PublishView.h; sourceTree = "<group>"; };
		104B6C431D2128A100594FE9 /* PublishView.m */ = {isa = PBXFileReference; fileEncoding = 4; lastKnownFileType = sourcecode.c.objc; path = PublishView.m; sourceTree = "<group>"; };
		104B6C461D222A8200594FE9 /* NetworkManager.h */ = {isa = PBXFileReference; fileEncoding = 4; lastKnownFileType = sourcecode.c.h; path = NetworkManager.h; sourceTree = "<group>"; };
		104B6C471D222A8200594FE9 /* NetworkManager.m */ = {isa = PBXFileReference; fileEncoding = 4; lastKnownFileType = sourcecode.c.objc; path = NetworkManager.m; sourceTree = "<group>"; };
		104B6C491D222BF700594FE9 /* MBProgressHUD+ZhaoChe.h */ = {isa = PBXFileReference; fileEncoding = 4; lastKnownFileType = sourcecode.c.h; path = "MBProgressHUD+ZhaoChe.h"; sourceTree = "<group>"; };
		104B6C4A1D222BF700594FE9 /* MBProgressHUD+ZhaoChe.m */ = {isa = PBXFileReference; fileEncoding = 4; lastKnownFileType = sourcecode.c.objc; path = "MBProgressHUD+ZhaoChe.m"; sourceTree = "<group>"; };
		3CB5B7975390EE19120B2C6D /* Pods-ZhaoChe.debug.xcconfig */ = {isa = PBXFileReference; includeInIndex = 1; lastKnownFileType = text.xcconfig; name = "Pods-ZhaoChe.debug.xcconfig"; path = "Pods/Target Support Files/Pods-ZhaoChe/Pods-ZhaoChe.debug.xcconfig"; sourceTree = "<group>"; };
		5567892D1D3DCB0700111F1B /* 宝马图标占位.png */ = {isa = PBXFileReference; lastKnownFileType = image.png; path = "宝马图标占位.png"; sourceTree = "<group>"; };
		556789311D3DCE5500111F1B /* 名片认证占位.png */ = {isa = PBXFileReference; lastKnownFileType = image.png; path = "名片认证占位.png"; sourceTree = "<group>"; };
		556789331D3DCF6900111F1B /* 张飞占位.png */ = {isa = PBXFileReference; lastKnownFileType = image.png; path = "张飞占位.png"; sourceTree = "<group>"; };
		556789351D3DD05900111F1B /* 帕萨特.png */ = {isa = PBXFileReference; lastKnownFileType = image.png; path = "帕萨特.png"; sourceTree = "<group>"; };
		55689C4E1D46F5DF00506657 /* PubCarsController.h */ = {isa = PBXFileReference; fileEncoding = 4; lastKnownFileType = sourcecode.c.h; path = PubCarsController.h; sourceTree = "<group>"; };
		55689C4F1D46F5DF00506657 /* PubCarsController.m */ = {isa = PBXFileReference; fileEncoding = 4; lastKnownFileType = sourcecode.c.objc; path = PubCarsController.m; sourceTree = "<group>"; };
		55689C501D46F5DF00506657 /* PubCarsController.xib */ = {isa = PBXFileReference; fileEncoding = 4; lastKnownFileType = file.xib; path = PubCarsController.xib; sourceTree = "<group>"; };
		55689C531D46FAA700506657 /* PubCarCell.h */ = {isa = PBXFileReference; fileEncoding = 4; lastKnownFileType = sourcecode.c.h; path = PubCarCell.h; sourceTree = "<group>"; };
		55689C541D46FAA700506657 /* PubCarCell.m */ = {isa = PBXFileReference; fileEncoding = 4; lastKnownFileType = sourcecode.c.objc; path = PubCarCell.m; sourceTree = "<group>"; };
		55689C551D46FAA700506657 /* PubCarCell.xib */ = {isa = PBXFileReference; fileEncoding = 4; lastKnownFileType = file.xib; path = PubCarCell.xib; sourceTree = "<group>"; };
		55689C581D47434000506657 /* SearchCarController.h */ = {isa = PBXFileReference; fileEncoding = 4; lastKnownFileType = sourcecode.c.h; path = SearchCarController.h; sourceTree = "<group>"; };
		55689C591D47434000506657 /* SearchCarController.m */ = {isa = PBXFileReference; fileEncoding = 4; lastKnownFileType = sourcecode.c.objc; path = SearchCarController.m; sourceTree = "<group>"; };
		55689C5A1D47434000506657 /* SearchCarController.xib */ = {isa = PBXFileReference; fileEncoding = 4; lastKnownFileType = file.xib; path = SearchCarController.xib; sourceTree = "<group>"; };
		55BBC2FB1D35CEDA007AC44F /* ChooseWController.h */ = {isa = PBXFileReference; fileEncoding = 4; lastKnownFileType = sourcecode.c.h; path = ChooseWController.h; sourceTree = "<group>"; };
		55BBC2FC1D35CEDA007AC44F /* ChooseWController.m */ = {isa = PBXFileReference; fileEncoding = 4; lastKnownFileType = sourcecode.c.objc; path = ChooseWController.m; sourceTree = "<group>"; };
		55BBC2FD1D35CEDA007AC44F /* ChooseWController.xib */ = {isa = PBXFileReference; fileEncoding = 4; lastKnownFileType = file.xib; path = ChooseWController.xib; sourceTree = "<group>"; };
		55BBC3001D35D331007AC44F /* ContentColorController.h */ = {isa = PBXFileReference; fileEncoding = 4; lastKnownFileType = sourcecode.c.h; path = ContentColorController.h; sourceTree = "<group>"; };
		55BBC3011D35D331007AC44F /* ContentColorController.m */ = {isa = PBXFileReference; fileEncoding = 4; lastKnownFileType = sourcecode.c.objc; path = ContentColorController.m; sourceTree = "<group>"; };
		55BBC3021D35D331007AC44F /* ContentColorController.xib */ = {isa = PBXFileReference; fileEncoding = 4; lastKnownFileType = file.xib; path = ContentColorController.xib; sourceTree = "<group>"; };
		55BBC3051D35D591007AC44F /* WController.h */ = {isa = PBXFileReference; fileEncoding = 4; lastKnownFileType = sourcecode.c.h; path = WController.h; sourceTree = "<group>"; };
		55BBC3061D35D591007AC44F /* WController.m */ = {isa = PBXFileReference; fileEncoding = 4; lastKnownFileType = sourcecode.c.objc; path = WController.m; sourceTree = "<group>"; };
		55BBC3071D35D591007AC44F /* WController.xib */ = {isa = PBXFileReference; fileEncoding = 4; lastKnownFileType = file.xib; path = WController.xib; sourceTree = "<group>"; };
		55BBC30A1D35D986007AC44F /* NController.h */ = {isa = PBXFileReference; fileEncoding = 4; lastKnownFileType = sourcecode.c.h; path = NController.h; sourceTree = "<group>"; };
		55BBC30B1D35D986007AC44F /* NController.m */ = {isa = PBXFileReference; fileEncoding = 4; lastKnownFileType = sourcecode.c.objc; path = NController.m; sourceTree = "<group>"; };
		55BBC30C1D35D986007AC44F /* NController.xib */ = {isa = PBXFileReference; fileEncoding = 4; lastKnownFileType = file.xib; path = NController.xib; sourceTree = "<group>"; };
		55BBC30F1D35DB28007AC44F /* CarController.h */ = {isa = PBXFileReference; fileEncoding = 4; lastKnownFileType = sourcecode.c.h; path = CarController.h; sourceTree = "<group>"; };
		55BBC3101D35DB28007AC44F /* CarController.m */ = {isa = PBXFileReference; fileEncoding = 4; lastKnownFileType = sourcecode.c.objc; path = CarController.m; sourceTree = "<group>"; };
		55BBC3111D35DB28007AC44F /* CarController.xib */ = {isa = PBXFileReference; fileEncoding = 4; lastKnownFileType = file.xib; path = CarController.xib; sourceTree = "<group>"; };
		55EBA64B1D348397007519AD /* ChooseTypeController.h */ = {isa = PBXFileReference; fileEncoding = 4; lastKnownFileType = sourcecode.c.h; path = ChooseTypeController.h; sourceTree = "<group>"; };
		55EBA64C1D348397007519AD /* ChooseTypeController.m */ = {isa = PBXFileReference; fileEncoding = 4; lastKnownFileType = sourcecode.c.objc; path = ChooseTypeController.m; sourceTree = "<group>"; };
		55EBA64D1D348397007519AD /* ChooseTypeController.xib */ = {isa = PBXFileReference; fileEncoding = 4; lastKnownFileType = file.xib; path = ChooseTypeController.xib; sourceTree = "<group>"; };
		55EBA6501D34D312007519AD /* PubCarController.h */ = {isa = PBXFileReference; fileEncoding = 4; lastKnownFileType = sourcecode.c.h; path = PubCarController.h; sourceTree = "<group>"; };
		55EBA6511D34D312007519AD /* PubCarController.m */ = {isa = PBXFileReference; fileEncoding = 4; lastKnownFileType = sourcecode.c.objc; path = PubCarController.m; sourceTree = "<group>"; };
		55EBA6521D34D312007519AD /* PubCarController.xib */ = {isa = PBXFileReference; fileEncoding = 4; lastKnownFileType = file.xib; path = PubCarController.xib; sourceTree = "<group>"; };
		55EBA6551D34E19B007519AD /* PubDetailController.h */ = {isa = PBXFileReference; fileEncoding = 4; lastKnownFileType = sourcecode.c.h; path = PubDetailController.h; sourceTree = "<group>"; };
		55EBA6561D34E19B007519AD /* PubDetailController.m */ = {isa = PBXFileReference; fileEncoding = 4; lastKnownFileType = sourcecode.c.objc; path = PubDetailController.m; sourceTree = "<group>"; };
		55EBA6571D34E19B007519AD /* PubDetailController.xib */ = {isa = PBXFileReference; fileEncoding = 4; lastKnownFileType = file.xib; path = PubDetailController.xib; sourceTree = "<group>"; };
		55EED6A41D23AE0500394713 /* IdentityController.h */ = {isa = PBXFileReference; fileEncoding = 4; lastKnownFileType = sourcecode.c.h; path = IdentityController.h; sourceTree = "<group>"; };
		55EED6A51D23AE0500394713 /* IdentityController.m */ = {isa = PBXFileReference; fileEncoding = 4; lastKnownFileType = sourcecode.c.objc; path = IdentityController.m; sourceTree = "<group>"; };
		55EED6A61D23AE0500394713 /* IdentityController.xib */ = {isa = PBXFileReference; fileEncoding = 4; lastKnownFileType = file.xib; path = IdentityController.xib; sourceTree = "<group>"; };
		55EED6A91D23C12700394713 /* CompanyController.h */ = {isa = PBXFileReference; fileEncoding = 4; lastKnownFileType = sourcecode.c.h; path = CompanyController.h; sourceTree = "<group>"; };
		55EED6AA1D23C12700394713 /* CompanyController.m */ = {isa = PBXFileReference; fileEncoding = 4; lastKnownFileType = sourcecode.c.objc; path = CompanyController.m; sourceTree = "<group>"; };
		55EED6AB1D23C12700394713 /* CompanyController.xib */ = {isa = PBXFileReference; fileEncoding = 4; lastKnownFileType = file.xib; path = CompanyController.xib; sourceTree = "<group>"; };
		55EED6AE1D23CAE500394713 /* CompIdentityController.h */ = {isa = PBXFileReference; fileEncoding = 4; lastKnownFileType = sourcecode.c.h; path = CompIdentityController.h; sourceTree = "<group>"; };
		55EED6AF1D23CAE500394713 /* CompIdentityController.m */ = {isa = PBXFileReference; fileEncoding = 4; lastKnownFileType = sourcecode.c.objc; path = CompIdentityController.m; sourceTree = "<group>"; };
		55EED6B01D23CAE500394713 /* CompIdentityController.xib */ = {isa = PBXFileReference; fileEncoding = 4; lastKnownFileType = file.xib; path = CompIdentityController.xib; sourceTree = "<group>"; };
		55EFB0301D2A280B00CE8952 /* MainSaleController.h */ = {isa = PBXFileReference; fileEncoding = 4; lastKnownFileType = sourcecode.c.h; path = MainSaleController.h; sourceTree = "<group>"; };
		55EFB0311D2A280B00CE8952 /* MainSaleController.m */ = {isa = PBXFileReference; fileEncoding = 4; lastKnownFileType = sourcecode.c.objc; path = MainSaleController.m; sourceTree = "<group>"; };
		55EFB0321D2A280B00CE8952 /* MainSaleController.xib */ = {isa = PBXFileReference; fileEncoding = 4; lastKnownFileType = file.xib; path = MainSaleController.xib; sourceTree = "<group>"; };
		55EFB0351D2A3AB100CE8952 /* PersonCarNameController.h */ = {isa = PBXFileReference; fileEncoding = 4; lastKnownFileType = sourcecode.c.h; path = PersonCarNameController.h; sourceTree = "<group>"; };
		55EFB0361D2A3AB100CE8952 /* PersonCarNameController.m */ = {isa = PBXFileReference; fileEncoding = 4; lastKnownFileType = sourcecode.c.objc; path = PersonCarNameController.m; sourceTree = "<group>"; };
		55EFB0371D2A3AB100CE8952 /* PersonCarNameController.xib */ = {isa = PBXFileReference; fileEncoding = 4; lastKnownFileType = file.xib; path = PersonCarNameController.xib; sourceTree = "<group>"; };
		55EFB03A1D2A3DAF00CE8952 /* PersonCenterController.h */ = {isa = PBXFileReference; fileEncoding = 4; lastKnownFileType = sourcecode.c.h; path = PersonCenterController.h; sourceTree = "<group>"; };
		55EFB03B1D2A3DAF00CE8952 /* PersonCenterController.m */ = {isa = PBXFileReference; fileEncoding = 4; lastKnownFileType = sourcecode.c.objc; path = PersonCenterController.m; sourceTree = "<group>"; };
		55EFB03C1D2A3DAF00CE8952 /* PersonCenterController.xib */ = {isa = PBXFileReference; fileEncoding = 4; lastKnownFileType = file.xib; path = PersonCenterController.xib; sourceTree = "<group>"; };
		55EFC6C41D24AF1E00A6D9CC /* CompTypeController.h */ = {isa = PBXFileReference; fileEncoding = 4; lastKnownFileType = sourcecode.c.h; path = CompTypeController.h; sourceTree = "<group>"; };
		55EFC6C51D24AF1E00A6D9CC /* CompTypeController.m */ = {isa = PBXFileReference; fileEncoding = 4; lastKnownFileType = sourcecode.c.objc; path = CompTypeController.m; sourceTree = "<group>"; };
		55EFC6C61D24AF1E00A6D9CC /* CompTypeController.xib */ = {isa = PBXFileReference; fileEncoding = 4; lastKnownFileType = file.xib; path = CompTypeController.xib; sourceTree = "<group>"; };
		55EFC6C91D24B72E00A6D9CC /* CardIdentityController.h */ = {isa = PBXFileReference; fileEncoding = 4; lastKnownFileType = sourcecode.c.h; path = CardIdentityController.h; sourceTree = "<group>"; };
		55EFC6CA1D24B72E00A6D9CC /* CardIdentityController.m */ = {isa = PBXFileReference; fileEncoding = 4; lastKnownFileType = sourcecode.c.objc; path = CardIdentityController.m; sourceTree = "<group>"; };
		55EFC6CB1D24B72E00A6D9CC /* CardIdentityController.xib */ = {isa = PBXFileReference; fileEncoding = 4; lastKnownFileType = file.xib; path = CardIdentityController.xib; sourceTree = "<group>"; };
		55EFC6CE1D24B8C300A6D9CC /* CardIdentityCell.h */ = {isa = PBXFileReference; fileEncoding = 4; lastKnownFileType = sourcecode.c.h; path = CardIdentityCell.h; sourceTree = "<group>"; };
		55EFC6CF1D24B8C300A6D9CC /* CardIdentityCell.m */ = {isa = PBXFileReference; fileEncoding = 4; lastKnownFileType = sourcecode.c.objc; path = CardIdentityCell.m; sourceTree = "<group>"; };
		55EFC6D01D24B8C300A6D9CC /* CardIdentityCell.xib */ = {isa = PBXFileReference; fileEncoding = 4; lastKnownFileType = file.xib; path = CardIdentityCell.xib; sourceTree = "<group>"; };
		55EFC6D31D24E80400A6D9CC /* JoinCompController.h */ = {isa = PBXFileReference; fileEncoding = 4; lastKnownFileType = sourcecode.c.h; path = JoinCompController.h; sourceTree = "<group>"; };
		55EFC6D41D24E80400A6D9CC /* JoinCompController.m */ = {isa = PBXFileReference; fileEncoding = 4; lastKnownFileType = sourcecode.c.objc; path = JoinCompController.m; sourceTree = "<group>"; };
		55EFC6D51D24E80400A6D9CC /* JoinCompController.xib */ = {isa = PBXFileReference; fileEncoding = 4; lastKnownFileType = file.xib; path = JoinCompController.xib; sourceTree = "<group>"; };
		55F15D071D22476A0065BD48 /* ZDLMyCenterCell.h */ = {isa = PBXFileReference; fileEncoding = 4; lastKnownFileType = sourcecode.c.h; path = ZDLMyCenterCell.h; sourceTree = "<group>"; };
		55F15D081D22476A0065BD48 /* ZDLMyCenterCell.m */ = {isa = PBXFileReference; fileEncoding = 4; lastKnownFileType = sourcecode.c.objc; path = ZDLMyCenterCell.m; sourceTree = "<group>"; };
		55F15D0C1D224EF00065BD48 /* ZDLMyCenterCell.xib */ = {isa = PBXFileReference; fileEncoding = 4; lastKnownFileType = file.xib; path = ZDLMyCenterCell.xib; sourceTree = "<group>"; };
		55F1C20E1D2DFBFC00383AC2 /* PublishCarController.h */ = {isa = PBXFileReference; fileEncoding = 4; lastKnownFileType = sourcecode.c.h; path = PublishCarController.h; sourceTree = "<group>"; };
		55F1C20F1D2DFBFC00383AC2 /* PublishCarController.m */ = {isa = PBXFileReference; fileEncoding = 4; lastKnownFileType = sourcecode.c.objc; path = PublishCarController.m; sourceTree = "<group>"; wrapsLines = 1; };
		55F1C2101D2DFBFC00383AC2 /* PublishCarController.xib */ = {isa = PBXFileReference; fileEncoding = 4; lastKnownFileType = file.xib; path = PublishCarController.xib; sourceTree = "<group>"; };
		55F1DFE61D33382600ED9018 /* ScrollCollectionCell.h */ = {isa = PBXFileReference; fileEncoding = 4; lastKnownFileType = sourcecode.c.h; path = ScrollCollectionCell.h; sourceTree = "<group>"; };
		55F1DFE71D33382600ED9018 /* ScrollCollectionCell.m */ = {isa = PBXFileReference; fileEncoding = 4; lastKnownFileType = sourcecode.c.objc; path = ScrollCollectionCell.m; sourceTree = "<group>"; };
		55F1DFE81D33382600ED9018 /* ScrollCollectionCell.xib */ = {isa = PBXFileReference; fileEncoding = 4; lastKnownFileType = file.xib; path = ScrollCollectionCell.xib; sourceTree = "<group>"; };
		55F1DFEB1D33953C00ED9018 /* ChooseCarController.h */ = {isa = PBXFileReference; fileEncoding = 4; lastKnownFileType = sourcecode.c.h; path = ChooseCarController.h; sourceTree = "<group>"; };
		55F1DFEC1D33953C00ED9018 /* ChooseCarController.m */ = {isa = PBXFileReference; fileEncoding = 4; lastKnownFileType = sourcecode.c.objc; path = ChooseCarController.m; sourceTree = "<group>"; };
		55F1DFED1D33953C00ED9018 /* ChooseCarController.xib */ = {isa = PBXFileReference; fileEncoding = 4; lastKnownFileType = file.xib; path = ChooseCarController.xib; sourceTree = "<group>"; };
		CBA0D95B2E3578AA59C6EF29 /* Pods_ZhaoChe.framework */ = {isa = PBXFileReference; explicitFileType = wrapper.framework; includeInIndex = 0; path = Pods_ZhaoChe.framework; sourceTree = BUILT_PRODUCTS_DIR; };
		F622F029A89A87AD9252E140 /* Pods-ZhaoChe.release.xcconfig */ = {isa = PBXFileReference; includeInIndex = 1; lastKnownFileType = text.xcconfig; name = "Pods-ZhaoChe.release.xcconfig"; path = "Pods/Target Support Files/Pods-ZhaoChe/Pods-ZhaoChe.release.xcconfig"; sourceTree = "<group>"; };
/* End PBXFileReference section */

/* Begin PBXFrameworksBuildPhase section */
		104B6BB31D1BC7D500594FE9 /* Frameworks */ = {
			isa = PBXFrameworksBuildPhase;
			buildActionMask = 2147483647;
			files = (
				71DA8368A4234FF576B4126C /* Pods_ZhaoChe.framework in Frameworks */,
			);
			runOnlyForDeploymentPostprocessing = 0;
		};
/* End PBXFrameworksBuildPhase section */

/* Begin PBXGroup section */
		104B6BAD1D1BC7D500594FE9 = {
			isa = PBXGroup;
			children = (
				104B6BB81D1BC7D500594FE9 /* ZhaoChe */,
				104B6BB71D1BC7D500594FE9 /* Products */,
				E7CB5144C0E78B417496F4CB /* Pods */,
				2BFEDDA0CFE94F9AC521C33C /* Frameworks */,
			);
			sourceTree = "<group>";
		};
		104B6BB71D1BC7D500594FE9 /* Products */ = {
			isa = PBXGroup;
			children = (
				104B6BB61D1BC7D500594FE9 /* ZhaoChe.app */,
			);
			name = Products;
			sourceTree = "<group>";
		};
		104B6BB81D1BC7D500594FE9 /* ZhaoChe */ = {
			isa = PBXGroup;
			children = (
				556789281D3DC9BE00111F1B /* 占位图片（可删） */,
				104B6BD01D1BC88100594FE9 /* Application */,
				104B6BD41D1BC88C00594FE9 /* Categories */,
				104B6BD51D1BC89D00594FE9 /* Managers */,
				104B6BE51D1BE6EA00594FE9 /* 登录 */,
				104B6BD61D1BC89D00594FE9 /* TabBar */,
				104B6BDE1D1BC89D00594FE9 /* 首页 */,
				104B6BDB1D1BC89D00594FE9 /* 寻车 */,
				104B6BDD1D1BC89D00594FE9 /* 订单 */,
				104B6BDC1D1BC89D00594FE9 /* 我的 */,
				55F1C20A1D2DFBB300383AC2 /* 发布车源等 */,
				104B6BD71D1BC89D00594FE9 /* 三方库 */,
				104B6BB91D1BC7D500594FE9 /* Supporting Files */,
			);
			path = ZhaoChe;
			sourceTree = "<group>";
		};
		104B6BB91D1BC7D500594FE9 /* Supporting Files */ = {
			isa = PBXGroup;
			children = (
				104B6BC71D1BC7D500594FE9 /* LaunchScreen.storyboard */,
				104B6C101D20C7EE00594FE9 /* Assets.xcassets */,
				104B6BE01D1BCDA900594FE9 /* PrefixHeader.pch */,
				104B6BCA1D1BC7D500594FE9 /* Info.plist */,
				104B6BBA1D1BC7D500594FE9 /* main.m */,
				104B6C0E1D1D0B8A00594FE9 /* NotCourierSans-Bold.otf */,
			);
			name = "Supporting Files";
			sourceTree = "<group>";
		};
		104B6BD01D1BC88100594FE9 /* Application */ = {
			isa = PBXGroup;
			children = (
				104B6BD11D1BC88100594FE9 /* AppDelegate.h */,
				104B6BD21D1BC88100594FE9 /* AppDelegate.m */,
				104B6BE11D1BCFFB00594FE9 /* AppMacros.h */,
			);
			path = Application;
			sourceTree = "<group>";
		};
		104B6BD41D1BC88C00594FE9 /* Categories */ = {
			isa = PBXGroup;
			children = (
				104B6BE21D1BD14100594FE9 /* UIColor+ZhaoChe.h */,
				104B6BE31D1BD14100594FE9 /* UIColor+ZhaoChe.m */,
				104B6BE61D1BE85300594FE9 /* UIViewController+ZhaoChe.h */,
				104B6BE71D1BE85300594FE9 /* UIViewController+ZhaoChe.m */,
				104B6C021D1CCD6600594FE9 /* UITableView+ZhaoChe.h */,
				104B6C031D1CCD6600594FE9 /* UITableView+ZhaoChe.m */,
				104B6C0B1D1D03E100594FE9 /* UIButton+ZhaoChe.h */,
				104B6C0C1D1D03E100594FE9 /* UIButton+ZhaoChe.m */,
				104B6C2E1D21047100594FE9 /* NSString+ZhaoChe.h */,
				104B6C2F1D21047100594FE9 /* NSString+ZhaoChe.m */,
				104B6C491D222BF700594FE9 /* MBProgressHUD+ZhaoChe.h */,
				104B6C4A1D222BF700594FE9 /* MBProgressHUD+ZhaoChe.m */,
			);
			path = Categories;
			sourceTree = "<group>";
		};
		104B6BD51D1BC89D00594FE9 /* Managers */ = {
			isa = PBXGroup;
			children = (
				104B6C451D222A8200594FE9 /* NetworkManager */,
			);
			path = Managers;
			sourceTree = "<group>";
		};
		104B6BD61D1BC89D00594FE9 /* TabBar */ = {
			isa = PBXGroup;
			children = (
				104B6C121D20CC4A00594FE9 /* ZCTabBarController.h */,
				104B6C131D20CC4A00594FE9 /* ZCTabBarController.m */,
				104B6C2B1D20EF9C00594FE9 /* ZCTabBar.h */,
				104B6C2C1D20EF9C00594FE9 /* ZCTabBar.m */,
				104B6C411D21289300594FE9 /* 发布 */,
			);
			path = TabBar;
			sourceTree = "<group>";
		};
		104B6BD71D1BC89D00594FE9 /* 三方库 */ = {
			isa = PBXGroup;
			children = (
			);
			path = "三方库";
			sourceTree = "<group>";
		};
		104B6BDB1D1BC89D00594FE9 /* 寻车 */ = {
			isa = PBXGroup;
			children = (
				104B6C261D20D51200594FE9 /* FindCar.storyboard */,
				104B6C281D20D52000594FE9 /* FindCarViewController.h */,
				104B6C291D20D52000594FE9 /* FindCarViewController.m */,
			);
			path = "寻车";
			sourceTree = "<group>";
		};
		104B6BDC1D1BC89D00594FE9 /* 我的 */ = {
			isa = PBXGroup;
			children = (
				104B6C1A1D20D41500594FE9 /* MeViewController.h */,
				104B6C1B1D20D41500594FE9 /* MeViewController.m */,
				104B6C1C1D20D41500594FE9 /* MeViewController.xib */,
				55F15D0E1D22848C0065BD48 /* Controllers */,
				55F15D051D22471F0065BD48 /* Models */,
				55F15D061D22471F0065BD48 /* Views */,
			);
			path = "我的";
			sourceTree = "<group>";
		};
		104B6BDD1D1BC89D00594FE9 /* 订单 */ = {
			isa = PBXGroup;
			children = (
				104B6C151D20D3FF00594FE9 /* OrdersViewController.h */,
				104B6C161D20D3FF00594FE9 /* OrdersViewController.m */,
				104B6C171D20D3FF00594FE9 /* OrdersViewController.xib */,
				55F15D0F1D22850C0065BD48 /* Controllers */,
				55F15D101D22850C0065BD48 /* Models */,
				55F15D111D22850C0065BD48 /* Views */,
			);
			path = "订单";
			sourceTree = "<group>";
		};
		104B6BDE1D1BC89D00594FE9 /* 首页 */ = {
			isa = PBXGroup;
			children = (
				104B6C1F1D20D44200594FE9 /* Home.storyboard */,
				104B6C231D20D4E100594FE9 /* HomeViewController.h */,
				104B6C241D20D4E100594FE9 /* HomeViewController.m */,
			);
			path = "首页";
			sourceTree = "<group>";
		};
		104B6BE51D1BE6EA00594FE9 /* 登录 */ = {
			isa = PBXGroup;
			children = (
				104B6BF51D1CC43600594FE9 /* LoginViewController.h */,
				104B6BF61D1CC43600594FE9 /* LoginViewController.m */,
				104B6BF81D1CC58000594FE9 /* MobileInputCell.h */,
				104B6BF91D1CC58000594FE9 /* MobileInputCell.m */,
				104B6BFA1D1CC58000594FE9 /* MobileInputCell.xib */,
				104B6BFD1D1CC5AA00594FE9 /* VerificationCodeCell.h */,
				104B6BFE1D1CC5AA00594FE9 /* VerificationCodeCell.m */,
				104B6BFF1D1CC5AA00594FE9 /* VerificationCodeCell.xib */,
				104B6C051D1CDF9A00594FE9 /* TimerBtn.h */,
				104B6C061D1CDF9A00594FE9 /* TimerBtn.m */,
			);
			path = "登录";
			sourceTree = "<group>";
		};
		104B6C411D21289300594FE9 /* 发布 */ = {
			isa = PBXGroup;
			children = (
				104B6C421D2128A100594FE9 /* PublishView.h */,
				104B6C431D2128A100594FE9 /* PublishView.m */,
			);
			path = "发布";
			sourceTree = "<group>";
		};
		104B6C451D222A8200594FE9 /* NetworkManager */ = {
			isa = PBXGroup;
			children = (
				104B6C461D222A8200594FE9 /* NetworkManager.h */,
				104B6C471D222A8200594FE9 /* NetworkManager.m */,
			);
			path = NetworkManager;
			sourceTree = "<group>";
		};
		2BFEDDA0CFE94F9AC521C33C /* Frameworks */ = {
			isa = PBXGroup;
			children = (
				CBA0D95B2E3578AA59C6EF29 /* Pods_ZhaoChe.framework */,
			);
			name = Frameworks;
			sourceTree = "<group>";
		};
		556789281D3DC9BE00111F1B /* 占位图片（可删） */ = {
			isa = PBXGroup;
			children = (
				556789351D3DD05900111F1B /* 帕萨特.png */,
				556789331D3DCF6900111F1B /* 张飞占位.png */,
				556789311D3DCE5500111F1B /* 名片认证占位.png */,
				5567892D1D3DCB0700111F1B /* 宝马图标占位.png */,
			);
			path = "占位图片（可删）";
			sourceTree = "<group>";
		};
		55689C4B1D46F50700506657 /* 管理车源C */ = {
			isa = PBXGroup;
			children = (
				55689C4E1D46F5DF00506657 /* PubCarsController.h */,
				55689C4F1D46F5DF00506657 /* PubCarsController.m */,
				55689C501D46F5DF00506657 /* PubCarsController.xib */,
			);
			path = "管理车源C";
			sourceTree = "<group>";
		};
		55689C4C1D46F55700506657 /* 发布寻车C */ = {
			isa = PBXGroup;
			children = (
				55689C581D47434000506657 /* SearchCarController.h */,
				55689C591D47434000506657 /* SearchCarController.m */,
				55689C5A1D47434000506657 /* SearchCarController.xib */,
			);
			path = "发布寻车C";
			sourceTree = "<group>";
		};
		55689C4D1D46F55700506657 /* 管理寻车C */ = {
			isa = PBXGroup;
			children = (
			);
			path = "管理寻车C";
			sourceTree = "<group>";
		};
		55F15D051D22471F0065BD48 /* Models */ = {
			isa = PBXGroup;
			children = (
			);
			path = Models;
			sourceTree = "<group>";
		};
		55F15D061D22471F0065BD48 /* Views */ = {
			isa = PBXGroup;
			children = (
				55F15D071D22476A0065BD48 /* ZDLMyCenterCell.h */,
				55F15D081D22476A0065BD48 /* ZDLMyCenterCell.m */,
				55F15D0C1D224EF00065BD48 /* ZDLMyCenterCell.xib */,
				55EFC6CE1D24B8C300A6D9CC /* CardIdentityCell.h */,
				55EFC6CF1D24B8C300A6D9CC /* CardIdentityCell.m */,
				55EFC6D01D24B8C300A6D9CC /* CardIdentityCell.xib */,
			);
			path = Views;
			sourceTree = "<group>";
		};
		55F15D0E1D22848C0065BD48 /* Controllers */ = {
			isa = PBXGroup;
			children = (
				55EED6A41D23AE0500394713 /* IdentityController.h */,
				55EED6A51D23AE0500394713 /* IdentityController.m */,
				55EED6A61D23AE0500394713 /* IdentityController.xib */,
				55EFC6C91D24B72E00A6D9CC /* CardIdentityController.h */,
				55EFC6CA1D24B72E00A6D9CC /* CardIdentityController.m */,
				55EFC6CB1D24B72E00A6D9CC /* CardIdentityController.xib */,
				55EFC6D31D24E80400A6D9CC /* JoinCompController.h */,
				55EFC6D41D24E80400A6D9CC /* JoinCompController.m */,
				55EFC6D51D24E80400A6D9CC /* JoinCompController.xib */,
				55EED6A91D23C12700394713 /* CompanyController.h */,
				55EED6AA1D23C12700394713 /* CompanyController.m */,
				55EED6AB1D23C12700394713 /* CompanyController.xib */,
				55EED6AE1D23CAE500394713 /* CompIdentityController.h */,
				55EED6AF1D23CAE500394713 /* CompIdentityController.m */,
				55EED6B01D23CAE500394713 /* CompIdentityController.xib */,
				55EFC6C41D24AF1E00A6D9CC /* CompTypeController.h */,
				55EFC6C51D24AF1E00A6D9CC /* CompTypeController.m */,
				55EFC6C61D24AF1E00A6D9CC /* CompTypeController.xib */,
				55EFB0301D2A280B00CE8952 /* MainSaleController.h */,
				55EFB0311D2A280B00CE8952 /* MainSaleController.m */,
				55EFB0321D2A280B00CE8952 /* MainSaleController.xib */,
				55EFB0351D2A3AB100CE8952 /* PersonCarNameController.h */,
				55EFB0361D2A3AB100CE8952 /* PersonCarNameController.m */,
				55EFB0371D2A3AB100CE8952 /* PersonCarNameController.xib */,
				55EFB03A1D2A3DAF00CE8952 /* PersonCenterController.h */,
				55EFB03B1D2A3DAF00CE8952 /* PersonCenterController.m */,
				55EFB03C1D2A3DAF00CE8952 /* PersonCenterController.xib */,
			);
			path = Controllers;
			sourceTree = "<group>";
		};
		55F15D0F1D22850C0065BD48 /* Controllers */ = {
			isa = PBXGroup;
			children = (
			);
			path = Controllers;
			sourceTree = "<group>";
		};
		55F15D101D22850C0065BD48 /* Models */ = {
			isa = PBXGroup;
			children = (
			);
			path = Models;
			sourceTree = "<group>";
		};
		55F15D111D22850C0065BD48 /* Views */ = {
			isa = PBXGroup;
			children = (
			);
			path = Views;
			sourceTree = "<group>";
		};
		55F1C20A1D2DFBB300383AC2 /* 发布车源等 */ = {
			isa = PBXGroup;
			children = (
				55689C4B1D46F50700506657 /* 管理车源C */,
				55689C4C1D46F55700506657 /* 发布寻车C */,
				55689C4D1D46F55700506657 /* 管理寻车C */,
				55F1C20B1D2DFBB300383AC2 /* Controllers */,
				55F1C20C1D2DFBB300383AC2 /* Models */,
				55F1C20D1D2DFBB300383AC2 /* Views */,
			);
			path = "发布车源等";
			sourceTree = "<group>";
		};
		55F1C20B1D2DFBB300383AC2 /* Controllers */ = {
			isa = PBXGroup;
			children = (
				55F1C20E1D2DFBFC00383AC2 /* PublishCarController.h */,
				55F1C20F1D2DFBFC00383AC2 /* PublishCarController.m */,
				55F1C2101D2DFBFC00383AC2 /* PublishCarController.xib */,
				55F1DFEB1D33953C00ED9018 /* ChooseCarController.h */,
				55F1DFEC1D33953C00ED9018 /* ChooseCarController.m */,
				55F1DFED1D33953C00ED9018 /* ChooseCarController.xib */,
				55EBA64B1D348397007519AD /* ChooseTypeController.h */,
				55EBA64C1D348397007519AD /* ChooseTypeController.m */,
				55EBA64D1D348397007519AD /* ChooseTypeController.xib */,
				55EBA6501D34D312007519AD /* PubCarController.h */,
				55EBA6511D34D312007519AD /* PubCarController.m */,
				55EBA6521D34D312007519AD /* PubCarController.xib */,
				55EBA6551D34E19B007519AD /* PubDetailController.h */,
				55EBA6561D34E19B007519AD /* PubDetailController.m */,
				55EBA6571D34E19B007519AD /* PubDetailController.xib */,
				55BBC2FB1D35CEDA007AC44F /* ChooseWController.h */,
				55BBC2FC1D35CEDA007AC44F /* ChooseWController.m */,
				55BBC2FD1D35CEDA007AC44F /* ChooseWController.xib */,
				55BBC3001D35D331007AC44F /* ContentColorController.h */,
				55BBC3011D35D331007AC44F /* ContentColorController.m */,
				55BBC3021D35D331007AC44F /* ContentColorController.xib */,
				55BBC3051D35D591007AC44F /* WController.h */,
				55BBC3061D35D591007AC44F /* WController.m */,
				55BBC3071D35D591007AC44F /* WController.xib */,
				55BBC30A1D35D986007AC44F /* NController.h */,
				55BBC30B1D35D986007AC44F /* NController.m */,
				55BBC30C1D35D986007AC44F /* NController.xib */,
				55BBC30F1D35DB28007AC44F /* CarController.h */,
				55BBC3101D35DB28007AC44F /* CarController.m */,
				55BBC3111D35DB28007AC44F /* CarController.xib */,
			);
			path = Controllers;
			sourceTree = "<group>";
		};
		55F1C20C1D2DFBB300383AC2 /* Models */ = {
			isa = PBXGroup;
			children = (
			);
			path = Models;
			sourceTree = "<group>";
		};
		55F1C20D1D2DFBB300383AC2 /* Views */ = {
			isa = PBXGroup;
			children = (
				55F1DFE61D33382600ED9018 /* ScrollCollectionCell.h */,
				55F1DFE71D33382600ED9018 /* ScrollCollectionCell.m */,
				55F1DFE81D33382600ED9018 /* ScrollCollectionCell.xib */,
				55689C531D46FAA700506657 /* PubCarCell.h */,
				55689C541D46FAA700506657 /* PubCarCell.m */,
				55689C551D46FAA700506657 /* PubCarCell.xib */,
			);
			path = Views;
			sourceTree = "<group>";
		};
		E7CB5144C0E78B417496F4CB /* Pods */ = {
			isa = PBXGroup;
			children = (
				3CB5B7975390EE19120B2C6D /* Pods-ZhaoChe.debug.xcconfig */,
				F622F029A89A87AD9252E140 /* Pods-ZhaoChe.release.xcconfig */,
			);
			name = Pods;
			sourceTree = "<group>";
		};
/* End PBXGroup section */

/* Begin PBXNativeTarget section */
		104B6BB51D1BC7D500594FE9 /* ZhaoChe */ = {
			isa = PBXNativeTarget;
			buildConfigurationList = 104B6BCD1D1BC7D500594FE9 /* Build configuration list for PBXNativeTarget "ZhaoChe" */;
			buildPhases = (
				AD1C7D928CBED764708A3220 /* Check Pods Manifest.lock */,
				104B6BB21D1BC7D500594FE9 /* Sources */,
				104B6BB31D1BC7D500594FE9 /* Frameworks */,
				104B6BB41D1BC7D500594FE9 /* Resources */,
				C0B98E2E3962EC7B08CFA879 /* Embed Pods Frameworks */,
				36D325E23023B4BFB65AA4BF /* Copy Pods Resources */,
			);
			buildRules = (
			);
			dependencies = (
			);
			name = ZhaoChe;
			productName = ZhaoChe;
			productReference = 104B6BB61D1BC7D500594FE9 /* ZhaoChe.app */;
			productType = "com.apple.product-type.application";
		};
/* End PBXNativeTarget section */

/* Begin PBXProject section */
		104B6BAE1D1BC7D500594FE9 /* Project object */ = {
			isa = PBXProject;
			attributes = {
				LastUpgradeCheck = 0730;
				ORGANIZATIONNAME = chetuan;
				TargetAttributes = {
					104B6BB51D1BC7D500594FE9 = {
						CreatedOnToolsVersion = 7.3.1;
						DevelopmentTeam = 98ZL4K5SEZ;
					};
				};
			};
			buildConfigurationList = 104B6BB11D1BC7D500594FE9 /* Build configuration list for PBXProject "ZhaoChe" */;
			compatibilityVersion = "Xcode 3.2";
			developmentRegion = English;
			hasScannedForEncodings = 0;
			knownRegions = (
				en,
				Base,
			);
			mainGroup = 104B6BAD1D1BC7D500594FE9;
			productRefGroup = 104B6BB71D1BC7D500594FE9 /* Products */;
			projectDirPath = "";
			projectRoot = "";
			targets = (
				104B6BB51D1BC7D500594FE9 /* ZhaoChe */,
			);
		};
/* End PBXProject section */

/* Begin PBXResourcesBuildPhase section */
		104B6BB41D1BC7D500594FE9 /* Resources */ = {
			isa = PBXResourcesBuildPhase;
			buildActionMask = 2147483647;
			files = (
				55EFC6D71D24E80400A6D9CC /* JoinCompController.xib in Resources */,
				55EFC6CD1D24B72E00A6D9CC /* CardIdentityController.xib in Resources */,
				55689C5C1D47434000506657 /* SearchCarController.xib in Resources */,
				55689C521D46F5DF00506657 /* PubCarsController.xib in Resources */,
				55EFB0391D2A3AB100CE8952 /* PersonCarNameController.xib in Resources */,
				55EFB03E1D2A3DAF00CE8952 /* PersonCenterController.xib in Resources */,
				104B6C0F1D1D0BD000594FE9 /* NotCourierSans-Bold.otf in Resources */,
				55EED6AD1D23C12700394713 /* CompanyController.xib in Resources */,
				104B6C191D20D3FF00594FE9 /* OrdersViewController.xib in Resources */,
				104B6BFC1D1CC58000594FE9 /* MobileInputCell.xib in Resources */,
				55EBA6541D34D312007519AD /* PubCarController.xib in Resources */,
				55EBA64F1D348397007519AD /* ChooseTypeController.xib in Resources */,
				104B6BC91D1BC7D500594FE9 /* LaunchScreen.storyboard in Resources */,
				55F1DFEF1D33953C00ED9018 /* ChooseCarController.xib in Resources */,
				55EED6B21D23CAE500394713 /* CompIdentityController.xib in Resources */,
				5567892E1D3DCB0700111F1B /* 宝马图标占位.png in Resources */,
				104B6C111D20C7EE00594FE9 /* Assets.xcassets in Resources */,
				104B6C271D20D51200594FE9 /* FindCar.storyboard in Resources */,
				55EFC6D21D24B8C300A6D9CC /* CardIdentityCell.xib in Resources */,
				556789321D3DCE5500111F1B /* 名片认证占位.png in Resources */,
				104B6C011D1CC5AA00594FE9 /* VerificationCodeCell.xib in Resources */,
				55EED6A81D23AE0500394713 /* IdentityController.xib in Resources */,
				55F1C2121D2DFBFC00383AC2 /* PublishCarController.xib in Resources */,
				55689C571D46FAA700506657 /* PubCarCell.xib in Resources */,
				55F1DFEA1D33382600ED9018 /* ScrollCollectionCell.xib in Resources */,
				55EBA6591D34E19B007519AD /* PubDetailController.xib in Resources */,
				556789361D3DD05900111F1B /* 帕萨特.png in Resources */,
				55BBC2FF1D35CEDA007AC44F /* ChooseWController.xib in Resources */,
				55EFB0341D2A280B00CE8952 /* MainSaleController.xib in Resources */,
				55EFC6C81D24AF1E00A6D9CC /* CompTypeController.xib in Resources */,
				55BBC30E1D35D986007AC44F /* NController.xib in Resources */,
				104B6C1E1D20D41500594FE9 /* MeViewController.xib in Resources */,
				55BBC3041D35D331007AC44F /* ContentColorController.xib in Resources */,
				556789341D3DCF6900111F1B /* 张飞占位.png in Resources */,
				104B6C201D20D44200594FE9 /* Home.storyboard in Resources */,
				55BBC3091D35D591007AC44F /* WController.xib in Resources */,
				55F15D0D1D224EF00065BD48 /* ZDLMyCenterCell.xib in Resources */,
				55BBC3131D35DB28007AC44F /* CarController.xib in Resources */,
			);
			runOnlyForDeploymentPostprocessing = 0;
		};
/* End PBXResourcesBuildPhase section */

/* Begin PBXShellScriptBuildPhase section */
		36D325E23023B4BFB65AA4BF /* Copy Pods Resources */ = {
			isa = PBXShellScriptBuildPhase;
			buildActionMask = 2147483647;
			files = (
			);
			inputPaths = (
			);
			name = "Copy Pods Resources";
			outputPaths = (
			);
			runOnlyForDeploymentPostprocessing = 0;
			shellPath = /bin/sh;
			shellScript = "\"${SRCROOT}/Pods/Target Support Files/Pods-ZhaoChe/Pods-ZhaoChe-resources.sh\"\n";
			showEnvVarsInLog = 0;
		};
		AD1C7D928CBED764708A3220 /* Check Pods Manifest.lock */ = {
			isa = PBXShellScriptBuildPhase;
			buildActionMask = 2147483647;
			files = (
			);
			inputPaths = (
			);
			name = "Check Pods Manifest.lock";
			outputPaths = (
			);
			runOnlyForDeploymentPostprocessing = 0;
			shellPath = /bin/sh;
			shellScript = "diff \"${PODS_ROOT}/../Podfile.lock\" \"${PODS_ROOT}/Manifest.lock\" > /dev/null\nif [[ $? != 0 ]] ; then\n    cat << EOM\nerror: The sandbox is not in sync with the Podfile.lock. Run 'pod install' or update your CocoaPods installation.\nEOM\n    exit 1\nfi\n";
			showEnvVarsInLog = 0;
		};
		C0B98E2E3962EC7B08CFA879 /* Embed Pods Frameworks */ = {
			isa = PBXShellScriptBuildPhase;
			buildActionMask = 2147483647;
			files = (
			);
			inputPaths = (
			);
			name = "Embed Pods Frameworks";
			outputPaths = (
			);
			runOnlyForDeploymentPostprocessing = 0;
			shellPath = /bin/sh;
			shellScript = "\"${SRCROOT}/Pods/Target Support Files/Pods-ZhaoChe/Pods-ZhaoChe-frameworks.sh\"\n";
			showEnvVarsInLog = 0;
		};
/* End PBXShellScriptBuildPhase section */

/* Begin PBXSourcesBuildPhase section */
		104B6BB21D1BC7D500594FE9 /* Sources */ = {
			isa = PBXSourcesBuildPhase;
			buildActionMask = 2147483647;
			files = (
				55689C561D46FAA700506657 /* PubCarCell.m in Sources */,
				55BBC30D1D35D986007AC44F /* NController.m in Sources */,
				55EED6B11D23CAE500394713 /* CompIdentityController.m in Sources */,
				104B6C071D1CDF9A00594FE9 /* TimerBtn.m in Sources */,
				55F1C2111D2DFBFC00383AC2 /* PublishCarController.m in Sources */,
				55EFC6D11D24B8C300A6D9CC /* CardIdentityCell.m in Sources */,
				104B6BFB1D1CC58000594FE9 /* MobileInputCell.m in Sources */,
				104B6C141D20CC4A00594FE9 /* ZCTabBarController.m in Sources */,
				55BBC2FE1D35CEDA007AC44F /* ChooseWController.m in Sources */,
				55EBA6531D34D312007519AD /* PubCarController.m in Sources */,
				104B6BD31D1BC88100594FE9 /* AppDelegate.m in Sources */,
				104B6BBB1D1BC7D500594FE9 /* main.m in Sources */,
				104B6C251D20D4E100594FE9 /* HomeViewController.m in Sources */,
				55EED6AC1D23C12700394713 /* CompanyController.m in Sources */,
				104B6C441D2128A100594FE9 /* PublishView.m in Sources */,
				55F1DFEE1D33953C00ED9018 /* ChooseCarController.m in Sources */,
				104B6C0D1D1D03E100594FE9 /* UIButton+ZhaoChe.m in Sources */,
				104B6BF71D1CC43600594FE9 /* LoginViewController.m in Sources */,
				104B6C181D20D3FF00594FE9 /* OrdersViewController.m in Sources */,
				104B6C301D21047100594FE9 /* NSString+ZhaoChe.m in Sources */,
				55689C511D46F5DF00506657 /* PubCarsController.m in Sources */,
				55EBA64E1D348397007519AD /* ChooseTypeController.m in Sources */,
				55EFC6D61D24E80400A6D9CC /* JoinCompController.m in Sources */,
				55EED6A71D23AE0500394713 /* IdentityController.m in Sources */,
				104B6C001D1CC5AA00594FE9 /* VerificationCodeCell.m in Sources */,
				55F15D0A1D22476A0065BD48 /* ZDLMyCenterCell.m in Sources */,
				55EFB03D1D2A3DAF00CE8952 /* PersonCenterController.m in Sources */,
				55EFC6C71D24AF1E00A6D9CC /* CompTypeController.m in Sources */,
				55689C5B1D47434000506657 /* SearchCarController.m in Sources */,
				55EBA6581D34E19B007519AD /* PubDetailController.m in Sources */,
				104B6C4B1D222BF700594FE9 /* MBProgressHUD+ZhaoChe.m in Sources */,
				55BBC3121D35DB28007AC44F /* CarController.m in Sources */,
				104B6C1D1D20D41500594FE9 /* MeViewController.m in Sources */,
				55BBC3031D35D331007AC44F /* ContentColorController.m in Sources */,
				55EFB0331D2A280B00CE8952 /* MainSaleController.m in Sources */,
				104B6C481D222A8200594FE9 /* NetworkManager.m in Sources */,
				104B6BE41D1BD14100594FE9 /* UIColor+ZhaoChe.m in Sources */,
				55EFB0381D2A3AB100CE8952 /* PersonCarNameController.m in Sources */,
				55EFC6CC1D24B72E00A6D9CC /* CardIdentityController.m in Sources */,
				55F1DFE91D33382600ED9018 /* ScrollCollectionCell.m in Sources */,
				55BBC3081D35D591007AC44F /* WController.m in Sources */,
				104B6C041D1CCD6600594FE9 /* UITableView+ZhaoChe.m in Sources */,
				104B6C2A1D20D52000594FE9 /* FindCarViewController.m in Sources */,
				104B6C2D1D20EF9C00594FE9 /* ZCTabBar.m in Sources */,
				104B6BE81D1BE85300594FE9 /* UIViewController+ZhaoChe.m in Sources */,
			);
			runOnlyForDeploymentPostprocessing = 0;
		};
/* End PBXSourcesBuildPhase section */

/* Begin PBXVariantGroup section */
		104B6BC71D1BC7D500594FE9 /* LaunchScreen.storyboard */ = {
			isa = PBXVariantGroup;
			children = (
				104B6BC81D1BC7D500594FE9 /* Base */,
			);
			name = LaunchScreen.storyboard;
			sourceTree = "<group>";
		};
/* End PBXVariantGroup section */

/* Begin XCBuildConfiguration section */
		104B6BCB1D1BC7D500594FE9 /* Debug */ = {
			isa = XCBuildConfiguration;
			buildSettings = {
				ALWAYS_SEARCH_USER_PATHS = NO;
				CLANG_ANALYZER_NONNULL = YES;
				CLANG_CXX_LANGUAGE_STANDARD = "gnu++0x";
				CLANG_CXX_LIBRARY = "libc++";
				CLANG_ENABLE_MODULES = YES;
				CLANG_ENABLE_OBJC_ARC = YES;
				CLANG_WARN_BOOL_CONVERSION = YES;
				CLANG_WARN_CONSTANT_CONVERSION = YES;
				CLANG_WARN_DIRECT_OBJC_ISA_USAGE = YES_ERROR;
				CLANG_WARN_EMPTY_BODY = YES;
				CLANG_WARN_ENUM_CONVERSION = YES;
				CLANG_WARN_INT_CONVERSION = YES;
				CLANG_WARN_OBJC_ROOT_CLASS = YES_ERROR;
				CLANG_WARN_UNREACHABLE_CODE = YES;
				CLANG_WARN__DUPLICATE_METHOD_MATCH = YES;
				"CODE_SIGN_IDENTITY[sdk=iphoneos*]" = "iPhone Developer";
				COPY_PHASE_STRIP = NO;
				DEBUG_INFORMATION_FORMAT = dwarf;
				ENABLE_STRICT_OBJC_MSGSEND = YES;
				ENABLE_TESTABILITY = YES;
				GCC_C_LANGUAGE_STANDARD = gnu99;
				GCC_DYNAMIC_NO_PIC = NO;
				GCC_NO_COMMON_BLOCKS = YES;
				GCC_OPTIMIZATION_LEVEL = 0;
				GCC_PREPROCESSOR_DEFINITIONS = (
					"DEBUG=1",
					"$(inherited)",
				);
				GCC_WARN_64_TO_32_BIT_CONVERSION = YES;
				GCC_WARN_ABOUT_RETURN_TYPE = YES_ERROR;
				GCC_WARN_UNDECLARED_SELECTOR = YES;
				GCC_WARN_UNINITIALIZED_AUTOS = YES_AGGRESSIVE;
				GCC_WARN_UNUSED_FUNCTION = YES;
				GCC_WARN_UNUSED_VARIABLE = YES;
				IPHONEOS_DEPLOYMENT_TARGET = 9.3;
				MTL_ENABLE_DEBUG_INFO = YES;
				ONLY_ACTIVE_ARCH = YES;
				SDKROOT = iphoneos;
			};
			name = Debug;
		};
		104B6BCC1D1BC7D500594FE9 /* Release */ = {
			isa = XCBuildConfiguration;
			buildSettings = {
				ALWAYS_SEARCH_USER_PATHS = NO;
				CLANG_ANALYZER_NONNULL = YES;
				CLANG_CXX_LANGUAGE_STANDARD = "gnu++0x";
				CLANG_CXX_LIBRARY = "libc++";
				CLANG_ENABLE_MODULES = YES;
				CLANG_ENABLE_OBJC_ARC = YES;
				CLANG_WARN_BOOL_CONVERSION = YES;
				CLANG_WARN_CONSTANT_CONVERSION = YES;
				CLANG_WARN_DIRECT_OBJC_ISA_USAGE = YES_ERROR;
				CLANG_WARN_EMPTY_BODY = YES;
				CLANG_WARN_ENUM_CONVERSION = YES;
				CLANG_WARN_INT_CONVERSION = YES;
				CLANG_WARN_OBJC_ROOT_CLASS = YES_ERROR;
				CLANG_WARN_UNREACHABLE_CODE = YES;
				CLANG_WARN__DUPLICATE_METHOD_MATCH = YES;
				"CODE_SIGN_IDENTITY[sdk=iphoneos*]" = "iPhone Developer";
				COPY_PHASE_STRIP = NO;
				DEBUG_INFORMATION_FORMAT = "dwarf-with-dsym";
				ENABLE_NS_ASSERTIONS = NO;
				ENABLE_STRICT_OBJC_MSGSEND = YES;
				GCC_C_LANGUAGE_STANDARD = gnu99;
				GCC_NO_COMMON_BLOCKS = YES;
				GCC_WARN_64_TO_32_BIT_CONVERSION = YES;
				GCC_WARN_ABOUT_RETURN_TYPE = YES_ERROR;
				GCC_WARN_UNDECLARED_SELECTOR = YES;
				GCC_WARN_UNINITIALIZED_AUTOS = YES_AGGRESSIVE;
				GCC_WARN_UNUSED_FUNCTION = YES;
				GCC_WARN_UNUSED_VARIABLE = YES;
				IPHONEOS_DEPLOYMENT_TARGET = 9.3;
				MTL_ENABLE_DEBUG_INFO = NO;
				SDKROOT = iphoneos;
				VALIDATE_PRODUCT = YES;
			};
			name = Release;
		};
		104B6BCE1D1BC7D500594FE9 /* Debug */ = {
			isa = XCBuildConfiguration;
			baseConfigurationReference = 3CB5B7975390EE19120B2C6D /* Pods-ZhaoChe.debug.xcconfig */;
			buildSettings = {
				ASSETCATALOG_COMPILER_APPICON_NAME = AppIcon;
				CODE_SIGN_IDENTITY = "iPhone Developer";
				"CODE_SIGN_IDENTITY[sdk=iphoneos*]" = "iPhone Developer";
				GCC_PRECOMPILE_PREFIX_HEADER = YES;
				GCC_PREFIX_HEADER = "$(SRCROOT)/ZhaoChe/PrefixHeader.pch";
				INFOPLIST_FILE = ZhaoChe/Info.plist;
				IPHONEOS_DEPLOYMENT_TARGET = 8.0;
				LD_RUNPATH_SEARCH_PATHS = "$(inherited) @executable_path/Frameworks";
				PRODUCT_BUNDLE_IDENTIFIER = com.chetuan.ZhaoChe;
				PRODUCT_NAME = "$(TARGET_NAME)";
				PROVISIONING_PROFILE = "";
				USER_HEADER_SEARCH_PATHS = "$(SRCROOT)/**";
			};
			name = Debug;
		};
		104B6BCF1D1BC7D500594FE9 /* Release */ = {
			isa = XCBuildConfiguration;
			baseConfigurationReference = F622F029A89A87AD9252E140 /* Pods-ZhaoChe.release.xcconfig */;
			buildSettings = {
				ASSETCATALOG_COMPILER_APPICON_NAME = AppIcon;
				CODE_SIGN_IDENTITY = "iPhone Developer";
				"CODE_SIGN_IDENTITY[sdk=iphoneos*]" = "iPhone Developer";
				GCC_PRECOMPILE_PREFIX_HEADER = YES;
				GCC_PREFIX_HEADER = "$(SRCROOT)/ZhaoChe/PrefixHeader.pch";
				INFOPLIST_FILE = ZhaoChe/Info.plist;
				IPHONEOS_DEPLOYMENT_TARGET = 8.0;
				LD_RUNPATH_SEARCH_PATHS = "$(inherited) @executable_path/Frameworks";
				PRODUCT_BUNDLE_IDENTIFIER = com.chetuan.ZhaoChe;
				PRODUCT_NAME = "$(TARGET_NAME)";
				PROVISIONING_PROFILE = "";
				USER_HEADER_SEARCH_PATHS = "$(SRCROOT)/**";
			};
			name = Release;
		};
/* End XCBuildConfiguration section */

/* Begin XCConfigurationList section */
		104B6BB11D1BC7D500594FE9 /* Build configuration list for PBXProject "ZhaoChe" */ = {
			isa = XCConfigurationList;
			buildConfigurations = (
				104B6BCB1D1BC7D500594FE9 /* Debug */,
				104B6BCC1D1BC7D500594FE9 /* Release */,
			);
			defaultConfigurationIsVisible = 0;
			defaultConfigurationName = Release;
		};
		104B6BCD1D1BC7D500594FE9 /* Build configuration list for PBXNativeTarget "ZhaoChe" */ = {
			isa = XCConfigurationList;
			buildConfigurations = (
				104B6BCE1D1BC7D500594FE9 /* Debug */,
				104B6BCF1D1BC7D500594FE9 /* Release */,
			);
			defaultConfigurationIsVisible = 0;
			defaultConfigurationName = Release;
		};
/* End XCConfigurationList section */
	};
	rootObject = 104B6BAE1D1BC7D500594FE9 /* Project object */;
}
